
Microsoft Visual Studio Solution File, Format Version 12.00
# Visual Studio Version 16
VisualStudioVersion = 16.0.29215.179
MinimumVisualStudioVersion = 10.0.40219.1
Project("{FAE04EC0-301F-11D3-BF4B-00C04F79EFBC}") = "ComputerGraphicsLab1", "ComputerGraphicsLab1.csproj", "{7EDF9BAF-F61C-42FD-8511-3FB37C7D5BF6}"
EndProject
Global
	GlobalSection(SolutionConfigurationPlatforms) = preSolution
		Debug|Any CPU = Debug|Any CPU
		Release|Any CPU = Release|Any CPU
	EndGlobalSection
	GlobalSection(ProjectConfigurationPlatforms) = postSolution
		{7EDF9BAF-F61C-42FD-8511-3FB37C7D5BF6}.Debug|Any CPU.ActiveCfg = Debug|Any CPU
		{7EDF9BAF-F61C-42FD-8511-3FB37C7D5BF6}.Debug|Any CPU.Build.0 = Debug|Any CPU
		{7EDF9BAF-F61C-42FD-8511-3FB37C7D5BF6}.Release|Any CPU.ActiveCfg = Release|Any CPU
		{7EDF9BAF-F61C-42FD-8511-3FB37C7D5BF6}.Release|Any CPU.Build.0 = Release|Any CPU
	EndGlobalSection
	GlobalSection(SolutionProperties) = preSolution
		HideSolutionNode = FALSE
	EndGlobalSection
	GlobalSection(ExtensibilityGlobals) = postSolution
		SolutionGuid = {9C1261C5-8727-4FBA-AEBB-F61514209898}
	EndGlobalSection
EndGlobal
